
Microsoft Visual Studio Solution File, Format Version 12.00
# Visual Studio 2012
Project("{FAE04EC0-301F-11D3-BF4B-00C04F79EFBC}") = "ThirteenDaysAWeek.AutoMapper4Mvc", "ThirteenDaysAWeek.AutoMapper4Mvc\ThirteenDaysAWeek.AutoMapper4Mvc.csproj", "{A33DF067-E678-4922-BA38-05470A93F44F}"
EndProject
Global
	GlobalSection(SolutionConfigurationPlatforms) = preSolution
		Debug|Any CPU = Debug|Any CPU
		Release|Any CPU = Release|Any CPU
	EndGlobalSection
	GlobalSection(ProjectConfigurationPlatforms) = postSolution
		{A33DF067-E678-4922-BA38-05470A93F44F}.Debug|Any CPU.ActiveCfg = Debug|Any CPU
		{A33DF067-E678-4922-BA38-05470A93F44F}.Debug|Any CPU.Build.0 = Debug|Any CPU
		{A33DF067-E678-4922-BA38-05470A93F44F}.Release|Any CPU.ActiveCfg = Release|Any CPU
		{A33DF067-E678-4922-BA38-05470A93F44F}.Release|Any CPU.Build.0 = Release|Any CPU
	EndGlobalSection
	GlobalSection(SolutionProperties) = preSolution
		HideSolutionNode = FALSE
	EndGlobalSection
EndGlobal
