
Microsoft Visual Studio Solution File, Format Version 12.00
# Visual Studio 2012
Project("{FAE04EC0-301F-11D3-BF4B-00C04F79EFBC}") = "ThirteenDaysAWeek.AutoMapper4Mvc", "ThirteenDaysAWeek.AutoMapper4Mvc\ThirteenDaysAWeek.AutoMapper4Mvc.csproj", "{A33DF067-E678-4922-BA38-05470A93F44F}"
EndProject
Project("{2150E333-8FDC-42A3-9474-1A3956D46DE8}") = ".nuget", ".nuget", "{A9B79315-615C-4ECD-8DD0-1E35E4B83754}"
	ProjectSection(SolutionItems) = preProject
		.nuget\NuGet.Config = .nuget\NuGet.Config
		.nuget\NuGet.exe = .nuget\NuGet.exe
		.nuget\NuGet.targets = .nuget\NuGet.targets
	EndProjectSection
EndProject
Project("{FAE04EC0-301F-11D3-BF4B-00C04F79EFBC}") = "ThirteenDaysAWeek.AutoMapper4Mvc.Tests", "ThirteenDaysAWeek.AutoMapper4Mvc.Tests\ThirteenDaysAWeek.AutoMapper4Mvc.Tests.csproj", "{19E8A93B-B993-41FA-806A-4F59BBEC672D}"
EndProject
Project("{2150E333-8FDC-42A3-9474-1A3956D46DE8}") = "Solution Items", "Solution Items", "{235B23BB-84BE-41CE-8362-4D5C372FF28B}"
	ProjectSection(SolutionItems) = preProject
		README.md = README.md
	EndProjectSection
EndProject
Global
	GlobalSection(SolutionConfigurationPlatforms) = preSolution
		Debug|Any CPU = Debug|Any CPU
		Release|Any CPU = Release|Any CPU
	EndGlobalSection
	GlobalSection(ProjectConfigurationPlatforms) = postSolution
		{A33DF067-E678-4922-BA38-05470A93F44F}.Debug|Any CPU.ActiveCfg = Debug|Any CPU
		{A33DF067-E678-4922-BA38-05470A93F44F}.Debug|Any CPU.Build.0 = Debug|Any CPU
		{A33DF067-E678-4922-BA38-05470A93F44F}.Release|Any CPU.ActiveCfg = Release|Any CPU
		{A33DF067-E678-4922-BA38-05470A93F44F}.Release|Any CPU.Build.0 = Release|Any CPU
		{19E8A93B-B993-41FA-806A-4F59BBEC672D}.Debug|Any CPU.ActiveCfg = Debug|Any CPU
		{19E8A93B-B993-41FA-806A-4F59BBEC672D}.Debug|Any CPU.Build.0 = Debug|Any CPU
		{19E8A93B-B993-41FA-806A-4F59BBEC672D}.Release|Any CPU.ActiveCfg = Release|Any CPU
		{19E8A93B-B993-41FA-806A-4F59BBEC672D}.Release|Any CPU.Build.0 = Release|Any CPU
	EndGlobalSection
	GlobalSection(SolutionProperties) = preSolution
		HideSolutionNode = FALSE
	EndGlobalSection
EndGlobal
